
Microsoft Visual Studio Solution File, Format Version 12.00
# Visual Studio 14
VisualStudioVersion = 14.0.25420.1
MinimumVisualStudioVersion = 10.0.40219.1
Project("{8BC9CEB8-8B4A-11D0-8D11-00A0C91BC942}") = "MfcPractice", "MfcPractice\MfcPractice.vcxproj", "{511B775E-AC2D-44E0-A6A3-480F67633AD6}"
EndProject
Project("{8BC9CEB8-8B4A-11D0-8D11-00A0C91BC942}") = "TcpServ", "TcpServ\TcpServ.vcxproj", "{E5E6E4B8-4559-4216-B218-9ADF779B34DE}"
EndProject
Project("{8BC9CEB8-8B4A-11D0-8D11-00A0C91BC942}") = "TcpClient", "TcpClient\TcpClient.vcxproj", "{01AFB5F2-150D-4AD4-B9B8-2ADBC5F58B7B}"
EndProject
Project("{8BC9CEB8-8B4A-11D0-8D11-00A0C91BC942}") = "UdpSrv", "UdpSrv\UdpSrv.vcxproj", "{08CE45AA-D6CE-4381-AD68-1E044289A45C}"
EndProject
Project("{8BC9CEB8-8B4A-11D0-8D11-00A0C91BC942}") = "UdpClient", "UdpClient\UdpClient.vcxproj", "{E881C783-B6D5-48DD-A95E-29827A977C04}"
EndProject
Project("{8BC9CEB8-8B4A-11D0-8D11-00A0C91BC942}") = "NetSrv", "NetSrv\NetSrv.vcxproj", "{292A8859-0FC7-44BC-AC32-75B7214D7182}"
EndProject
Project("{8BC9CEB8-8B4A-11D0-8D11-00A0C91BC942}") = "NetClient", "NetClient\NetClient.vcxproj", "{7DFC1DBF-5701-439D-84E8-B21F5730E8AC}"
EndProject
Project("{8BC9CEB8-8B4A-11D0-8D11-00A0C91BC942}") = "ThreadPractice", "ThreadPractice\ThreadPractice.vcxproj", "{154FDD2E-9875-4C59-84C9-126B5C543717}"
EndProject
Project("{8BC9CEB8-8B4A-11D0-8D11-00A0C91BC942}") = "ChatRoom", "ChatRoom\ChatRoom.vcxproj", "{372FEC17-C9A5-45CD-A3C6-E61B5E118B51}"
EndProject
Project("{8BC9CEB8-8B4A-11D0-8D11-00A0C91BC942}") = "ChatRoomV2", "ChatRoomV2\ChatRoomV2.vcxproj", "{67FFAE8B-0249-467D-8B4A-4DB74290999D}"
EndProject
Project("{8BC9CEB8-8B4A-11D0-8D11-00A0C91BC942}") = "DllHook", "DllHook\DllHook.vcxproj", "{C520C10C-444A-4E3B-96A1-B333879A3030}"
EndProject
Project("{8BC9CEB8-8B4A-11D0-8D11-00A0C91BC942}") = "HandDLL", "HandDLL\HandDLL.vcxproj", "{623A3586-4B73-43F5-A0DB-53BC38EB36F5}"
EndProject
Global
	GlobalSection(SolutionConfigurationPlatforms) = preSolution
		Debug|x64 = Debug|x64
		Debug|x86 = Debug|x86
		Release|x64 = Release|x64
		Release|x86 = Release|x86
	EndGlobalSection
	GlobalSection(ProjectConfigurationPlatforms) = postSolution
		{511B775E-AC2D-44E0-A6A3-480F67633AD6}.Debug|x64.ActiveCfg = Debug|x64
		{511B775E-AC2D-44E0-A6A3-480F67633AD6}.Debug|x64.Build.0 = Debug|x64
		{511B775E-AC2D-44E0-A6A3-480F67633AD6}.Debug|x86.ActiveCfg = Debug|Win32
		{511B775E-AC2D-44E0-A6A3-480F67633AD6}.Debug|x86.Build.0 = Debug|Win32
		{511B775E-AC2D-44E0-A6A3-480F67633AD6}.Release|x64.ActiveCfg = Release|x64
		{511B775E-AC2D-44E0-A6A3-480F67633AD6}.Release|x64.Build.0 = Release|x64
		{511B775E-AC2D-44E0-A6A3-480F67633AD6}.Release|x86.ActiveCfg = Release|Win32
		{511B775E-AC2D-44E0-A6A3-480F67633AD6}.Release|x86.Build.0 = Release|Win32
		{E5E6E4B8-4559-4216-B218-9ADF779B34DE}.Debug|x64.ActiveCfg = Debug|x64
		{E5E6E4B8-4559-4216-B218-9ADF779B34DE}.Debug|x64.Build.0 = Debug|x64
		{E5E6E4B8-4559-4216-B218-9ADF779B34DE}.Debug|x86.ActiveCfg = Debug|Win32
		{E5E6E4B8-4559-4216-B218-9ADF779B34DE}.Debug|x86.Build.0 = Debug|Win32
		{E5E6E4B8-4559-4216-B218-9ADF779B34DE}.Release|x64.ActiveCfg = Release|x64
		{E5E6E4B8-4559-4216-B218-9ADF779B34DE}.Release|x64.Build.0 = Release|x64
		{E5E6E4B8-4559-4216-B218-9ADF779B34DE}.Release|x86.ActiveCfg = Release|Win32
		{E5E6E4B8-4559-4216-B218-9ADF779B34DE}.Release|x86.Build.0 = Release|Win32
		{01AFB5F2-150D-4AD4-B9B8-2ADBC5F58B7B}.Debug|x64.ActiveCfg = Debug|x64
		{01AFB5F2-150D-4AD4-B9B8-2ADBC5F58B7B}.Debug|x64.Build.0 = Debug|x64
		{01AFB5F2-150D-4AD4-B9B8-2ADBC5F58B7B}.Debug|x86.ActiveCfg = Debug|Win32
		{01AFB5F2-150D-4AD4-B9B8-2ADBC5F58B7B}.Debug|x86.Build.0 = Debug|Win32
		{01AFB5F2-150D-4AD4-B9B8-2ADBC5F58B7B}.Release|x64.ActiveCfg = Release|x64
		{01AFB5F2-150D-4AD4-B9B8-2ADBC5F58B7B}.Release|x64.Build.0 = Release|x64
		{01AFB5F2-150D-4AD4-B9B8-2ADBC5F58B7B}.Release|x86.ActiveCfg = Release|Win32
		{01AFB5F2-150D-4AD4-B9B8-2ADBC5F58B7B}.Release|x86.Build.0 = Release|Win32
		{08CE45AA-D6CE-4381-AD68-1E044289A45C}.Debug|x64.ActiveCfg = Debug|x64
		{08CE45AA-D6CE-4381-AD68-1E044289A45C}.Debug|x64.Build.0 = Debug|x64
		{08CE45AA-D6CE-4381-AD68-1E044289A45C}.Debug|x86.ActiveCfg = Debug|Win32
		{08CE45AA-D6CE-4381-AD68-1E044289A45C}.Debug|x86.Build.0 = Debug|Win32
		{08CE45AA-D6CE-4381-AD68-1E044289A45C}.Release|x64.ActiveCfg = Release|x64
		{08CE45AA-D6CE-4381-AD68-1E044289A45C}.Release|x64.Build.0 = Release|x64
		{08CE45AA-D6CE-4381-AD68-1E044289A45C}.Release|x86.ActiveCfg = Release|Win32
		{08CE45AA-D6CE-4381-AD68-1E044289A45C}.Release|x86.Build.0 = Release|Win32
		{E881C783-B6D5-48DD-A95E-29827A977C04}.Debug|x64.ActiveCfg = Debug|x64
		{E881C783-B6D5-48DD-A95E-29827A977C04}.Debug|x64.Build.0 = Debug|x64
		{E881C783-B6D5-48DD-A95E-29827A977C04}.Debug|x86.ActiveCfg = Debug|Win32
		{E881C783-B6D5-48DD-A95E-29827A977C04}.Debug|x86.Build.0 = Debug|Win32
		{E881C783-B6D5-48DD-A95E-29827A977C04}.Release|x64.ActiveCfg = Release|x64
		{E881C783-B6D5-48DD-A95E-29827A977C04}.Release|x64.Build.0 = Release|x64
		{E881C783-B6D5-48DD-A95E-29827A977C04}.Release|x86.ActiveCfg = Release|Win32
		{E881C783-B6D5-48DD-A95E-29827A977C04}.Release|x86.Build.0 = Release|Win32
		{292A8859-0FC7-44BC-AC32-75B7214D7182}.Debug|x64.ActiveCfg = Debug|x64
		{292A8859-0FC7-44BC-AC32-75B7214D7182}.Debug|x64.Build.0 = Debug|x64
		{292A8859-0FC7-44BC-AC32-75B7214D7182}.Debug|x86.ActiveCfg = Debug|Win32
		{292A8859-0FC7-44BC-AC32-75B7214D7182}.Debug|x86.Build.0 = Debug|Win32
		{292A8859-0FC7-44BC-AC32-75B7214D7182}.Release|x64.ActiveCfg = Release|x64
		{292A8859-0FC7-44BC-AC32-75B7214D7182}.Release|x64.Build.0 = Release|x64
		{292A8859-0FC7-44BC-AC32-75B7214D7182}.Release|x86.ActiveCfg = Release|Win32
		{292A8859-0FC7-44BC-AC32-75B7214D7182}.Release|x86.Build.0 = Release|Win32
		{7DFC1DBF-5701-439D-84E8-B21F5730E8AC}.Debug|x64.ActiveCfg = Debug|x64
		{7DFC1DBF-5701-439D-84E8-B21F5730E8AC}.Debug|x64.Build.0 = Debug|x64
		{7DFC1DBF-5701-439D-84E8-B21F5730E8AC}.Debug|x86.ActiveCfg = Debug|Win32
		{7DFC1DBF-5701-439D-84E8-B21F5730E8AC}.Debug|x86.Build.0 = Debug|Win32
		{7DFC1DBF-5701-439D-84E8-B21F5730E8AC}.Release|x64.ActiveCfg = Release|x64
		{7DFC1DBF-5701-439D-84E8-B21F5730E8AC}.Release|x64.Build.0 = Release|x64
		{7DFC1DBF-5701-439D-84E8-B21F5730E8AC}.Release|x86.ActiveCfg = Release|Win32
		{7DFC1DBF-5701-439D-84E8-B21F5730E8AC}.Release|x86.Build.0 = Release|Win32
		{154FDD2E-9875-4C59-84C9-126B5C543717}.Debug|x64.ActiveCfg = Debug|x64
		{154FDD2E-9875-4C59-84C9-126B5C543717}.Debug|x64.Build.0 = Debug|x64
		{154FDD2E-9875-4C59-84C9-126B5C543717}.Debug|x86.ActiveCfg = Debug|Win32
		{154FDD2E-9875-4C59-84C9-126B5C543717}.Debug|x86.Build.0 = Debug|Win32
		{154FDD2E-9875-4C59-84C9-126B5C543717}.Release|x64.ActiveCfg = Release|x64
		{154FDD2E-9875-4C59-84C9-126B5C543717}.Release|x64.Build.0 = Release|x64
		{154FDD2E-9875-4C59-84C9-126B5C543717}.Release|x86.ActiveCfg = Release|Win32
		{154FDD2E-9875-4C59-84C9-126B5C543717}.Release|x86.Build.0 = Release|Win32
		{372FEC17-C9A5-45CD-A3C6-E61B5E118B51}.Debug|x64.ActiveCfg = Debug|x64
		{372FEC17-C9A5-45CD-A3C6-E61B5E118B51}.Debug|x64.Build.0 = Debug|x64
		{372FEC17-C9A5-45CD-A3C6-E61B5E118B51}.Debug|x86.ActiveCfg = Debug|Win32
		{372FEC17-C9A5-45CD-A3C6-E61B5E118B51}.Debug|x86.Build.0 = Debug|Win32
		{372FEC17-C9A5-45CD-A3C6-E61B5E118B51}.Release|x64.ActiveCfg = Release|x64
		{372FEC17-C9A5-45CD-A3C6-E61B5E118B51}.Release|x64.Build.0 = Release|x64
		{372FEC17-C9A5-45CD-A3C6-E61B5E118B51}.Release|x86.ActiveCfg = Release|Win32
		{372FEC17-C9A5-45CD-A3C6-E61B5E118B51}.Release|x86.Build.0 = Release|Win32
		{67FFAE8B-0249-467D-8B4A-4DB74290999D}.Debug|x64.ActiveCfg = Debug|x64
		{67FFAE8B-0249-467D-8B4A-4DB74290999D}.Debug|x64.Build.0 = Debug|x64
		{67FFAE8B-0249-467D-8B4A-4DB74290999D}.Debug|x86.ActiveCfg = Debug|Win32
		{67FFAE8B-0249-467D-8B4A-4DB74290999D}.Debug|x86.Build.0 = Debug|Win32
		{67FFAE8B-0249-467D-8B4A-4DB74290999D}.Release|x64.ActiveCfg = Release|x64
		{67FFAE8B-0249-467D-8B4A-4DB74290999D}.Release|x64.Build.0 = Release|x64
		{67FFAE8B-0249-467D-8B4A-4DB74290999D}.Release|x86.ActiveCfg = Release|Win32
		{67FFAE8B-0249-467D-8B4A-4DB74290999D}.Release|x86.Build.0 = Release|Win32
		{C520C10C-444A-4E3B-96A1-B333879A3030}.Debug|x64.ActiveCfg = Debug|x64
		{C520C10C-444A-4E3B-96A1-B333879A3030}.Debug|x64.Build.0 = Debug|x64
		{C520C10C-444A-4E3B-96A1-B333879A3030}.Debug|x86.ActiveCfg = Debug|Win32
		{C520C10C-444A-4E3B-96A1-B333879A3030}.Debug|x86.Build.0 = Debug|Win32
		{C520C10C-444A-4E3B-96A1-B333879A3030}.Release|x64.ActiveCfg = Release|x64
		{C520C10C-444A-4E3B-96A1-B333879A3030}.Release|x64.Build.0 = Release|x64
		{C520C10C-444A-4E3B-96A1-B333879A3030}.Release|x86.ActiveCfg = Release|Win32
		{C520C10C-444A-4E3B-96A1-B333879A3030}.Release|x86.Build.0 = Release|Win32
		{623A3586-4B73-43F5-A0DB-53BC38EB36F5}.Debug|x64.ActiveCfg = Debug|x64
		{623A3586-4B73-43F5-A0DB-53BC38EB36F5}.Debug|x64.Build.0 = Debug|x64
		{623A3586-4B73-43F5-A0DB-53BC38EB36F5}.Debug|x86.ActiveCfg = Debug|Win32
		{623A3586-4B73-43F5-A0DB-53BC38EB36F5}.Debug|x86.Build.0 = Debug|Win32
		{623A3586-4B73-43F5-A0DB-53BC38EB36F5}.Release|x64.ActiveCfg = Release|x64
		{623A3586-4B73-43F5-A0DB-53BC38EB36F5}.Release|x64.Build.0 = Release|x64
		{623A3586-4B73-43F5-A0DB-53BC38EB36F5}.Release|x86.ActiveCfg = Release|Win32
		{623A3586-4B73-43F5-A0DB-53BC38EB36F5}.Release|x86.Build.0 = Release|Win32
	EndGlobalSection
	GlobalSection(SolutionProperties) = preSolution
		HideSolutionNode = FALSE
	EndGlobalSection
EndGlobal
